{
  "name": "lojas Tintas",
  "lockfileVersion": 3,
  "requires": true,
  "packages": {
    "": {
      "dependencies": {
        "@mdi/font": "^7.3.67"
      },
      "devDependencies": {
        "scss-reset": "^1.4.2"
      }
    },
    "node_modules/@mdi/font": {
      "version": "7.3.67",
      "resolved": "https://registry.npmjs.org/@mdi/font/-/font-7.3.67.tgz",
      "integrity": "sha512-SWxvzRbUQRfewlIV+OF4/YF4DkeTjMWoT8Hh9yeU/5UBVdJZj9Uf4a9+cXjknSIhIaMxZ/4N1O/s7ojApOOGjg=="
    },
    "node_modules/scss-reset": {
      "version": "1.4.2",
      "resolved": "https://registry.npmjs.org/scss-reset/-/scss-reset-1.4.2.tgz",
      "integrity": "sha512-eXtSeI5APjD/TtaIlRdiMRapgsX5GCP4I1Ti3FiUzCSE4GEYnfT1hGISrJkKGZsZbCDhwZv1bUdOOZfPGs3R1A==",
      "dev": true
    }
  }
}
